
Microsoft Visual Studio Solution File, Format Version 12.00
# Visual Studio 14
VisualStudioVersion = 14.0.25420.1
MinimumVisualStudioVersion = 10.0.40219.1
Project("{FAE04EC0-301F-11D3-BF4B-00C04F79EFBC}") = "BigFileSorting.Console", "BigFileSorting.Console\BigFileSorting.Console.csproj", "{B4B1BE83-8EFE-4B6C-9A31-64D240CB0F73}"
EndProject
Project("{FAE04EC0-301F-11D3-BF4B-00C04F79EFBC}") = "BigFileSorting.Core", "BigFileSorting.Core\BigFileSorting.Core.csproj", "{976A1852-412C-4486-878D-34ABFE6F0AF8}"
EndProject
Project("{FAE04EC0-301F-11D3-BF4B-00C04F79EFBC}") = "BigFileSorting.TestFileGenerator.Core", "BigFileSorting.TestFileGenerator.Core\BigFileSorting.TestFileGenerator.Core.csproj", "{3DADF688-DEF1-457C-A2A0-08B8BAD86D9D}"
EndProject
Project("{FAE04EC0-301F-11D3-BF4B-00C04F79EFBC}") = "BigFileSorting.Test", "BigFileSorting.Test\BigFileSorting.Test.csproj", "{1DDD0CE8-9A16-4AAD-8210-DEE6A4BCA680}"
EndProject
Project("{FAE04EC0-301F-11D3-BF4B-00C04F79EFBC}") = "BigFileSorting.TestFileGenerator.Console", "BigFileSorting.TestFileGenerator.Console\BigFileSorting.TestFileGenerator.Console.csproj", "{97679D37-5504-4EB4-8A98-6CF45B39D1AE}"
EndProject
Project("{FAE04EC0-301F-11D3-BF4B-00C04F79EFBC}") = "BigFileSorting.Console.Common", "BigFileSorting.Console.Common\BigFileSorting.Console.Common.csproj", "{54DB6028-88DD-4914-BCA4-5A37757BBB7A}"
EndProject
Global
	GlobalSection(SolutionConfigurationPlatforms) = preSolution
		Debug|Any CPU = Debug|Any CPU
		Release|Any CPU = Release|Any CPU
	EndGlobalSection
	GlobalSection(ProjectConfigurationPlatforms) = postSolution
		{B4B1BE83-8EFE-4B6C-9A31-64D240CB0F73}.Debug|Any CPU.ActiveCfg = Debug|Any CPU
		{B4B1BE83-8EFE-4B6C-9A31-64D240CB0F73}.Debug|Any CPU.Build.0 = Debug|Any CPU
		{B4B1BE83-8EFE-4B6C-9A31-64D240CB0F73}.Release|Any CPU.ActiveCfg = Release|Any CPU
		{B4B1BE83-8EFE-4B6C-9A31-64D240CB0F73}.Release|Any CPU.Build.0 = Release|Any CPU
		{976A1852-412C-4486-878D-34ABFE6F0AF8}.Debug|Any CPU.ActiveCfg = Debug|Any CPU
		{976A1852-412C-4486-878D-34ABFE6F0AF8}.Debug|Any CPU.Build.0 = Debug|Any CPU
		{976A1852-412C-4486-878D-34ABFE6F0AF8}.Release|Any CPU.ActiveCfg = Release|Any CPU
		{976A1852-412C-4486-878D-34ABFE6F0AF8}.Release|Any CPU.Build.0 = Release|Any CPU
		{3DADF688-DEF1-457C-A2A0-08B8BAD86D9D}.Debug|Any CPU.ActiveCfg = Debug|Any CPU
		{3DADF688-DEF1-457C-A2A0-08B8BAD86D9D}.Debug|Any CPU.Build.0 = Debug|Any CPU
		{3DADF688-DEF1-457C-A2A0-08B8BAD86D9D}.Release|Any CPU.ActiveCfg = Release|Any CPU
		{3DADF688-DEF1-457C-A2A0-08B8BAD86D9D}.Release|Any CPU.Build.0 = Release|Any CPU
		{1DDD0CE8-9A16-4AAD-8210-DEE6A4BCA680}.Debug|Any CPU.ActiveCfg = Debug|Any CPU
		{1DDD0CE8-9A16-4AAD-8210-DEE6A4BCA680}.Debug|Any CPU.Build.0 = Debug|Any CPU
		{1DDD0CE8-9A16-4AAD-8210-DEE6A4BCA680}.Release|Any CPU.ActiveCfg = Release|Any CPU
		{1DDD0CE8-9A16-4AAD-8210-DEE6A4BCA680}.Release|Any CPU.Build.0 = Release|Any CPU
		{97679D37-5504-4EB4-8A98-6CF45B39D1AE}.Debug|Any CPU.ActiveCfg = Debug|Any CPU
		{97679D37-5504-4EB4-8A98-6CF45B39D1AE}.Debug|Any CPU.Build.0 = Debug|Any CPU
		{97679D37-5504-4EB4-8A98-6CF45B39D1AE}.Release|Any CPU.ActiveCfg = Release|Any CPU
		{97679D37-5504-4EB4-8A98-6CF45B39D1AE}.Release|Any CPU.Build.0 = Release|Any CPU
		{54DB6028-88DD-4914-BCA4-5A37757BBB7A}.Debug|Any CPU.ActiveCfg = Debug|Any CPU
		{54DB6028-88DD-4914-BCA4-5A37757BBB7A}.Debug|Any CPU.Build.0 = Debug|Any CPU
		{54DB6028-88DD-4914-BCA4-5A37757BBB7A}.Release|Any CPU.ActiveCfg = Release|Any CPU
		{54DB6028-88DD-4914-BCA4-5A37757BBB7A}.Release|Any CPU.Build.0 = Release|Any CPU
	EndGlobalSection
	GlobalSection(SolutionProperties) = preSolution
		HideSolutionNode = FALSE
	EndGlobalSection
EndGlobal
